
Microsoft Visual Studio Solution File, Format Version 12.00
# Visual Studio Version 16
VisualStudioVersion = 16.0.33920.266
MinimumVisualStudioVersion = 10.0.40219.1
Project("{E24C65DC-7377-472B-9ABA-BC803B73C61A}") = "RESTful Service", "RESTful Service", "{1EB4018D-BCC9-4EB1-B7C1-6315B81F18AF}"
	ProjectSection(WebsiteProperties) = preProject
		TargetFrameworkMoniker = ".NETFramework,Version%3Dv4.0"
		Debug.AspNetCompiler.VirtualPath = "/localhost_50882"
		Debug.AspNetCompiler.PhysicalPath = "RESTful Service\"
		Debug.AspNetCompiler.TargetPath = "PrecompiledWeb\localhost_50882\"
		Debug.AspNetCompiler.Updateable = "true"
		Debug.AspNetCompiler.ForceOverwrite = "true"
		Debug.AspNetCompiler.FixedNames = "false"
		Debug.AspNetCompiler.Debug = "True"
		Release.AspNetCompiler.VirtualPath = "/localhost_50882"
		Release.AspNetCompiler.PhysicalPath = "RESTful Service\"
		Release.AspNetCompiler.TargetPath = "PrecompiledWeb\localhost_50882\"
		Release.AspNetCompiler.Updateable = "true"
		Release.AspNetCompiler.ForceOverwrite = "true"
		Release.AspNetCompiler.FixedNames = "false"
		Release.AspNetCompiler.Debug = "False"
		VWDPort = "50882"
		SlnRelativePath = "RESTful Service\"
		DefaultWebSiteLanguage = "Visual C#"
	EndProjectSection
EndProject
Global
	GlobalSection(SolutionConfigurationPlatforms) = preSolution
		Debug|Any CPU = Debug|Any CPU
	EndGlobalSection
	GlobalSection(ProjectConfigurationPlatforms) = postSolution
		{1EB4018D-BCC9-4EB1-B7C1-6315B81F18AF}.Debug|Any CPU.ActiveCfg = Debug|Any CPU
		{1EB4018D-BCC9-4EB1-B7C1-6315B81F18AF}.Debug|Any CPU.Build.0 = Debug|Any CPU
	EndGlobalSection
	GlobalSection(SolutionProperties) = preSolution
		HideSolutionNode = FALSE
	EndGlobalSection
	GlobalSection(ExtensibilityGlobals) = postSolution
		SolutionGuid = {F9EB6024-E184-4EDF-A02C-A992B9EAC8F5}
	EndGlobalSection
EndGlobal
